// !$*UTF8*$!
{
	archiveVersion = 1;
	classes = {
	};
	objectVersion = 55;
	objects = {

/* Begin PBXBuildFile section */
		1DCC2BE02842C27A0016D789 /* AppDelegate.swift in Sources */ = {isa = PBXBuildFile; fileRef = 1DCC2BDF2842C27A0016D789 /* AppDelegate.swift */; };
		1DCC2BE22842C27A0016D789 /* GameScene.sks in Resources */ = {isa = PBXBuildFile; fileRef = 1DCC2BE12842C27A0016D789 /* GameScene.sks */; };
		1DCC2BE42842C27A0016D789 /* Actions.sks in Resources */ = {isa = PBXBuildFile; fileRef = 1DCC2BE32842C27A0016D789 /* Actions.sks */; };
		1DCC2BE62842C27A0016D789 /* GameScene.swift in Sources */ = {isa = PBXBuildFile; fileRef = 1DCC2BE52842C27A0016D789 /* GameScene.swift */; };
		1DCC2BE82842C27A0016D789 /* GameViewController.swift in Sources */ = {isa = PBXBuildFile; fileRef = 1DCC2BE72842C27A0016D789 /* GameViewController.swift */; };
		1DCC2BEB2842C27A0016D789 /* Main.storyboard in Resources */ = {isa = PBXBuildFile; fileRef = 1DCC2BE92842C27A0016D789 /* Main.storyboard */; };
		1DCC2BED2842C27C0016D789 /* Assets.xcassets in Resources */ = {isa = PBXBuildFile; fileRef = 1DCC2BEC2842C27C0016D789 /* Assets.xcassets */; };
		1DCC2BF02842C27C0016D789 /* LaunchScreen.storyboard in Resources */ = {isa = PBXBuildFile; fileRef = 1DCC2BEE2842C27C0016D789 /* LaunchScreen.storyboard */; };
		1DCC2BFA2842C27D0016D789 /* Space_InvasionTests.swift in Sources */ = {isa = PBXBuildFile; fileRef = 1DCC2BF92842C27D0016D789 /* Space_InvasionTests.swift */; };
		1DCC2C042842C27D0016D789 /* Space_InvasionUITests.swift in Sources */ = {isa = PBXBuildFile; fileRef = 1DCC2C032842C27D0016D789 /* Space_InvasionUITests.swift */; };
		1DCC2C062842C27D0016D789 /* Space_InvasionUITestsLaunchTests.swift in Sources */ = {isa = PBXBuildFile; fileRef = 1DCC2C052842C27D0016D789 /* Space_InvasionUITestsLaunchTests.swift */; };
/* End PBXBuildFile section */

/* Begin PBXContainerItemProxy section */
		1DCC2BF62842C27D0016D789 /* PBXContainerItemProxy */ = {
			isa = PBXContainerItemProxy;
			containerPortal = 1DCC2BD42842C2790016D789 /* Project object */;
			proxyType = 1;
			remoteGlobalIDString = 1DCC2BDB2842C27A0016D789;
			remoteInfo = "Space Invasion";
		};
		1DCC2C002842C27D0016D789 /* PBXContainerItemProxy */ = {
			isa = PBXContainerItemProxy;
			containerPortal = 1DCC2BD42842C2790016D789 /* Project object */;
			proxyType = 1;
			remoteGlobalIDString = 1DCC2BDB2842C27A0016D789;
			remoteInfo = "Space Invasion";
		};
/* End PBXContainerItemProxy section */

/* Begin PBXFileReference section */
		1DCC2BDC2842C27A0016D789 /* Space Invasion.app */ = {isa = PBXFileReference; explicitFileType = wrapper.application; includeInIndex = 0; path = "Space Invasion.app"; sourceTree = BUILT_PRODUCTS_DIR; };
		1DCC2BDF2842C27A0016D789 /* AppDelegate.swift */ = {isa = PBXFileReference; lastKnownFileType = sourcecode.swift; path = AppDelegate.swift; sourceTree = "<group>"; };
		1DCC2BE12842C27A0016D789 /* GameScene.sks */ = {isa = PBXFileReference; lastKnownFileType = file.sks; path = GameScene.sks; sourceTree = "<group>"; };
		1DCC2BE32842C27A0016D789 /* Actions.sks */ = {isa = PBXFileReference; lastKnownFileType = file.sks; path = Actions.sks; sourceTree = "<group>"; };
		1DCC2BE52842C27A0016D789 /* GameScene.swift */ = {isa = PBXFileReference; lastKnownFileType = sourcecode.swift; path = GameScene.swift; sourceTree = "<group>"; };
		1DCC2BE72842C27A0016D789 /* GameViewController.swift */ = {isa = PBXFileReference; lastKnownFileType = sourcecode.swift; path = GameViewController.swift; sourceTree = "<group>"; };
		1DCC2BEA2842C27A0016D789 /* Base */ = {isa = PBXFileReference; lastKnownFileType = file.storyboard; name = Base; path = Base.lproj/Main.storyboard; sourceTree = "<group>"; };
		1DCC2BEC2842C27C0016D789 /* Assets.xcassets */ = {isa = PBXFileReference; lastKnownFileType = folder.assetcatalog; path = Assets.xcassets; sourceTree = "<group>"; };
		1DCC2BEF2842C27C0016D789 /* Base */ = {isa = PBXFileReference; lastKnownFileType = file.storyboard; name = Base; path = Base.lproj/LaunchScreen.storyboard; sourceTree = "<group>"; };
		1DCC2BF52842C27D0016D789 /* Space InvasionTests.xctest */ = {isa = PBXFileReference; explicitFileType = wrapper.cfbundle; includeInIndex = 0; path = "Space InvasionTests.xctest"; sourceTree = BUILT_PRODUCTS_DIR; };
		1DCC2BF92842C27D0016D789 /* Space_InvasionTests.swift */ = {isa = PBXFileReference; lastKnownFileType = sourcecode.swift; path = Space_InvasionTests.swift; sourceTree = "<group>"; };
		1DCC2BFF2842C27D0016D789 /* Space InvasionUITests.xctest */ = {isa = PBXFileReference; explicitFileType = wrapper.cfbundle; includeInIndex = 0; path = "Space InvasionUITests.xctest"; sourceTree = BUILT_PRODUCTS_DIR; };
		1DCC2C032842C27D0016D789 /* Space_InvasionUITests.swift */ = {isa = PBXFileReference; lastKnownFileType = sourcecode.swift; path = Space_InvasionUITests.swift; sourceTree = "<group>"; };
		1DCC2C052842C27D0016D789 /* Space_InvasionUITestsLaunchTests.swift */ = {isa = PBXFileReference; lastKnownFileType = sourcecode.swift; path = Space_InvasionUITestsLaunchTests.swift; sourceTree = "<group>"; };
/* End PBXFileReference section */

/* Begin PBXFrameworksBuildPhase section */
		1DCC2BD92842C27A0016D789 /* Frameworks */ = {
			isa = PBXFrameworksBuildPhase;
			buildActionMask = 2147483647;
			files = (
			);
			runOnlyForDeploymentPostprocessing = 0;
		};
		1DCC2BF22842C27D0016D789 /* Frameworks */ = {
			isa = PBXFrameworksBuildPhase;
			buildActionMask = 2147483647;
			files = (
			);
			runOnlyForDeploymentPostprocessing = 0;
		};
		1DCC2BFC2842C27D0016D789 /* Frameworks */ = {
			isa = PBXFrameworksBuildPhase;
			buildActionMask = 2147483647;
			files = (
			);
			runOnlyForDeploymentPostprocessing = 0;
		};
/* End PBXFrameworksBuildPhase section */

/* Begin PBXGroup section */
		1DCC2BD32842C2790016D789 = {
			isa = PBXGroup;
			children = (
				1DCC2BDE2842C27A0016D789 /* Space Invasion */,
				1DCC2BF82842C27D0016D789 /* Space InvasionTests */,
				1DCC2C022842C27D0016D789 /* Space InvasionUITests */,
				1DCC2BDD2842C27A0016D789 /* Products */,
			);
			sourceTree = "<group>";
		};
		1DCC2BDD2842C27A0016D789 /* Products */ = {
			isa = PBXGroup;
			children = (
				1DCC2BDC2842C27A0016D789 /* Space Invasion.app */,
				1DCC2BF52842C27D0016D789 /* Space InvasionTests.xctest */,
				1DCC2BFF2842C27D0016D789 /* Space InvasionUITests.xctest */,
			);
			name = Products;
			sourceTree = "<group>";
		};
		1DCC2BDE2842C27A0016D789 /* Space Invasion */ = {
			isa = PBXGroup;
			children = (
				1DCC2BDF2842C27A0016D789 /* AppDelegate.swift */,
				1DCC2BE12842C27A0016D789 /* GameScene.sks */,
				1DCC2BE32842C27A0016D789 /* Actions.sks */,
				1DCC2BE52842C27A0016D789 /* GameScene.swift */,
				1DCC2BE72842C27A0016D789 /* GameViewController.swift */,
				1DCC2BE92842C27A0016D789 /* Main.storyboard */,
				1DCC2BEC2842C27C0016D789 /* Assets.xcassets */,
				1DCC2BEE2842C27C0016D789 /* LaunchScreen.storyboard */,
			);
			path = "Space Invasion";
			sourceTree = "<group>";
		};
		1DCC2BF82842C27D0016D789 /* Space InvasionTests */ = {
			isa = PBXGroup;
			children = (
				1DCC2BF92842C27D0016D789 /* Space_InvasionTests.swift */,
			);
			path = "Space InvasionTests";
			sourceTree = "<group>";
		};
		1DCC2C022842C27D0016D789 /* Space InvasionUITests */ = {
			isa = PBXGroup;
			children = (
				1DCC2C032842C27D0016D789 /* Space_InvasionUITests.swift */,
				1DCC2C052842C27D0016D789 /* Space_InvasionUITestsLaunchTests.swift */,
			);
			path = "Space InvasionUITests";
			sourceTree = "<group>";
		};
/* End PBXGroup section */

/* Begin PBXNativeTarget section */
		1DCC2BDB2842C27A0016D789 /* Space Invasion */ = {
			isa = PBXNativeTarget;
			buildConfigurationList = 1DCC2C092842C27D0016D789 /* Build configuration list for PBXNativeTarget "Space Invasion" */;
			buildPhases = (
				1DCC2BD82842C27A0016D789 /* Sources */,
				1DCC2BD92842C27A0016D789 /* Frameworks */,
				1DCC2BDA2842C27A0016D789 /* Resources */,
			);
			buildRules = (
			);
			dependencies = (
			);
			name = "Space Invasion";
			productName = "Space Invasion";
			productReference = 1DCC2BDC2842C27A0016D789 /* Space Invasion.app */;
			productType = "com.apple.product-type.application";
		};
		1DCC2BF42842C27D0016D789 /* Space InvasionTests */ = {
			isa = PBXNativeTarget;
			buildConfigurationList = 1DCC2C0C2842C27D0016D789 /* Build configuration list for PBXNativeTarget "Space InvasionTests" */;
			buildPhases = (
				1DCC2BF12842C27D0016D789 /* Sources */,
				1DCC2BF22842C27D0016D789 /* Frameworks */,
				1DCC2BF32842C27D0016D789 /* Resources */,
			);
			buildRules = (
			);
			dependencies = (
				1DCC2BF72842C27D0016D789 /* PBXTargetDependency */,
			);
			name = "Space InvasionTests";
			productName = "Space InvasionTests";
			productReference = 1DCC2BF52842C27D0016D789 /* Space InvasionTests.xctest */;
			productType = "com.apple.product-type.bundle.unit-test";
		};
		1DCC2BFE2842C27D0016D789 /* Space InvasionUITests */ = {
			isa = PBXNativeTarget;
			buildConfigurationList = 1DCC2C0F2842C27D0016D789 /* Build configuration list for PBXNativeTarget "Space InvasionUITests" */;
			buildPhases = (
				1DCC2BFB2842C27D0016D789 /* Sources */,
				1DCC2BFC2842C27D0016D789 /* Frameworks */,
				1DCC2BFD2842C27D0016D789 /* Resources */,
			);
			buildRules = (
			);
			dependencies = (
				1DCC2C012842C27D0016D789 /* PBXTargetDependency */,
			);
			name = "Space InvasionUITests";
			productName = "Space InvasionUITests";
			productReference = 1DCC2BFF2842C27D0016D789 /* Space InvasionUITests.xctest */;
			productType = "com.apple.product-type.bundle.ui-testing";
		};
/* End PBXNativeTarget section */

/* Begin PBXProject section */
		1DCC2BD42842C2790016D789 /* Project object */ = {
			isa = PBXProject;
			attributes = {
				BuildIndependentTargetsInParallel = 1;
				LastSwiftUpdateCheck = 1340;
				LastUpgradeCheck = 1340;
				TargetAttributes = {
					1DCC2BDB2842C27A0016D789 = {
						CreatedOnToolsVersion = 13.4;
					};
					1DCC2BF42842C27D0016D789 = {
						CreatedOnToolsVersion = 13.4;
						TestTargetID = 1DCC2BDB2842C27A0016D789;
					};
					1DCC2BFE2842C27D0016D789 = {
						CreatedOnToolsVersion = 13.4;
						TestTargetID = 1DCC2BDB2842C27A0016D789;
					};
				};
			};
			buildConfigurationList = 1DCC2BD72842C2790016D789 /* Build configuration list for PBXProject "Space Invasion" */;
			compatibilityVersion = "Xcode 13.0";
			developmentRegion = en;
			hasScannedForEncodings = 0;
			knownRegions = (
				en,
				Base,
			);
			mainGroup = 1DCC2BD32842C2790016D789;
			productRefGroup = 1DCC2BDD2842C27A0016D789 /* Products */;
			projectDirPath = "";
			projectRoot = "";
			targets = (
				1DCC2BDB2842C27A0016D789 /* Space Invasion */,
				1DCC2BF42842C27D0016D789 /* Space InvasionTests */,
				1DCC2BFE2842C27D0016D789 /* Space InvasionUITests */,
			);
		};
/* End PBXProject section */

/* Begin PBXResourcesBuildPhase section */
		1DCC2BDA2842C27A0016D789 /* Resources */ = {
			isa = PBXResourcesBuildPhase;
			buildActionMask = 2147483647;
			files = (
				1DCC2BEB2842C27A0016D789 /* Main.storyboard in Resources */,
				1DCC2BE22842C27A0016D789 /* GameScene.sks in Resources */,
				1DCC2BED2842C27C0016D789 /* Assets.xcassets in Resources */,
				1DCC2BF02842C27C0016D789 /* LaunchScreen.storyboard in Resources */,
				1DCC2BE42842C27A0016D789 /* Actions.sks in Resources */,
			);
			runOnlyForDeploymentPostprocessing = 0;
		};
		1DCC2BF32842C27D0016D789 /* Resources */ = {
			isa = PBXResourcesBuildPhase;
			buildActionMask = 2147483647;
			files = (
			);
			runOnlyForDeploymentPostprocessing = 0;
		};
		1DCC2BFD2842C27D0016D789 /* Resources */ = {
			isa = PBXResourcesBuildPhase;
			buildActionMask = 2147483647;
			files = (
			);
			runOnlyForDeploymentPostprocessing = 0;
		};
/* End PBXResourcesBuildPhase section */

/* Begin PBXSourcesBuildPhase section */
		1DCC2BD82842C27A0016D789 /* Sources */ = {
			isa = PBXSourcesBuildPhase;
			buildActionMask = 2147483647;
			files = (
				1DCC2BE62842C27A0016D789 /* GameScene.swift in Sources */,
				1DCC2BE82842C27A0016D789 /* GameViewController.swift in Sources */,
				1DCC2BE02842C27A0016D789 /* AppDelegate.swift in Sources */,
			);
			runOnlyForDeploymentPostprocessing = 0;
		};
		1DCC2BF12842C27D0016D789 /* Sources */ = {
			isa = PBXSourcesBuildPhase;
			buildActionMask = 2147483647;
			files = (
				1DCC2BFA2842C27D0016D789 /* Space_InvasionTests.swift in Sources */,
			);
			runOnlyForDeploymentPostprocessing = 0;
		};
		1DCC2BFB2842C27D0016D789 /* Sources */ = {
			isa = PBXSourcesBuildPhase;
			buildActionMask = 2147483647;
			files = (
				1DCC2C062842C27D0016D789 /* Space_InvasionUITestsLaunchTests.swift in Sources */,
				1DCC2C042842C27D0016D789 /* Space_InvasionUITests.swift in Sources */,
			);
			runOnlyForDeploymentPostprocessing = 0;
		};
/* End PBXSourcesBuildPhase section */

/* Begin PBXTargetDependency section */
		1DCC2BF72842C27D0016D789 /* PBXTargetDependency */ = {
			isa = PBXTargetDependency;
			target = 1DCC2BDB2842C27A0016D789 /* Space Invasion */;
			targetProxy = 1DCC2BF62842C27D0016D789 /* PBXContainerItemProxy */;
		};
		1DCC2C012842C27D0016D789 /* PBXTargetDependency */ = {
			isa = PBXTargetDependency;
			target = 1DCC2BDB2842C27A0016D789 /* Space Invasion */;
			targetProxy = 1DCC2C002842C27D0016D789 /* PBXContainerItemProxy */;
		};
/* End PBXTargetDependency section */

/* Begin PBXVariantGroup section */
		1DCC2BE92842C27A0016D789 /* Main.storyboard */ = {
			isa = PBXVariantGroup;
			children = (
				1DCC2BEA2842C27A0016D789 /* Base */,
			);
			name = Main.storyboard;
			sourceTree = "<group>";
		};
		1DCC2BEE2842C27C0016D789 /* LaunchScreen.storyboard */ = {
			isa = PBXVariantGroup;
			children = (
				1DCC2BEF2842C27C0016D789 /* Base */,
			);
			name = LaunchScreen.storyboard;
			sourceTree = "<group>";
		};
/* End PBXVariantGroup section */

/* Begin XCBuildConfiguration section */
		1DCC2C072842C27D0016D789 /* Debug */ = {
			isa = XCBuildConfiguration;
			buildSettings = {
				ALWAYS_SEARCH_USER_PATHS = NO;
				CLANG_ANALYZER_NONNULL = YES;
				CLANG_ANALYZER_NUMBER_OBJECT_CONVERSION = YES_AGGRESSIVE;
				CLANG_CXX_LANGUAGE_STANDARD = "gnu++17";
				CLANG_ENABLE_MODULES = YES;
				CLANG_ENABLE_OBJC_ARC = YES;
				CLANG_ENABLE_OBJC_WEAK = YES;
				CLANG_WARN_BLOCK_CAPTURE_AUTORELEASING = YES;
				CLANG_WARN_BOOL_CONVERSION = YES;
				CLANG_WARN_COMMA = YES;
				CLANG_WARN_CONSTANT_CONVERSION = YES;
				CLANG_WARN_DEPRECATED_OBJC_IMPLEMENTATIONS = YES;
				CLANG_WARN_DIRECT_OBJC_ISA_USAGE = YES_ERROR;
				CLANG_WARN_DOCUMENTATION_COMMENTS = YES;
				CLANG_WARN_EMPTY_BODY = YES;
				CLANG_WARN_ENUM_CONVERSION = YES;
				CLANG_WARN_INFINITE_RECURSION = YES;
				CLANG_WARN_INT_CONVERSION = YES;
				CLANG_WARN_NON_LITERAL_NULL_CONVERSION = YES;
				CLANG_WARN_OBJC_IMPLICIT_RETAIN_SELF = YES;
				CLANG_WARN_OBJC_LITERAL_CONVERSION = YES;
				CLANG_WARN_OBJC_ROOT_CLASS = YES_ERROR;
				CLANG_WARN_QUOTED_INCLUDE_IN_FRAMEWORK_HEADER = YES;
				CLANG_WARN_RANGE_LOOP_ANALYSIS = YES;
				CLANG_WARN_STRICT_PROTOTYPES = YES;
				CLANG_WARN_SUSPICIOUS_MOVE = YES;
				CLANG_WARN_UNGUARDED_AVAILABILITY = YES_AGGRESSIVE;
				CLANG_WARN_UNREACHABLE_CODE = YES;
				CLANG_WARN__DUPLICATE_METHOD_MATCH = YES;
				COPY_PHASE_STRIP = NO;
				DEBUG_INFORMATION_FORMAT = dwarf;
				ENABLE_STRICT_OBJC_MSGSEND = YES;
				ENABLE_TESTABILITY = YES;
				GCC_C_LANGUAGE_STANDARD = gnu11;
				GCC_DYNAMIC_NO_PIC = NO;
				GCC_NO_COMMON_BLOCKS = YES;
				GCC_OPTIMIZATION_LEVEL = 0;
				GCC_PREPROCESSOR_DEFINITIONS = (
					"DEBUG=1",
					"$(inherited)",
				);
				GCC_WARN_64_TO_32_BIT_CONVERSION = YES;
				GCC_WARN_ABOUT_RETURN_TYPE = YES_ERROR;
				GCC_WARN_UNDECLARED_SELECTOR = YES;
				GCC_WARN_UNINITIALIZED_AUTOS = YES_AGGRESSIVE;
				GCC_WARN_UNUSED_FUNCTION = YES;
				GCC_WARN_UNUSED_VARIABLE = YES;
				IPHONEOS_DEPLOYMENT_TARGET = 15.5;
				MTL_ENABLE_DEBUG_INFO = INCLUDE_SOURCE;
				MTL_FAST_MATH = YES;
				ONLY_ACTIVE_ARCH = YES;
				SDKROOT = iphoneos;
				SWIFT_ACTIVE_COMPILATION_CONDITIONS = DEBUG;
				SWIFT_OPTIMIZATION_LEVEL = "-Onone";
			};
			name = Debug;
		};
		1DCC2C082842C27D0016D789 /* Release */ = {
			isa = XCBuildConfiguration;
			buildSettings = {
				ALWAYS_SEARCH_USER_PATHS = NO;
				CLANG_ANALYZER_NONNULL = YES;
				CLANG_ANALYZER_NUMBER_OBJECT_CONVERSION = YES_AGGRESSIVE;
				CLANG_CXX_LANGUAGE_STANDARD = "gnu++17";
				CLANG_ENABLE_MODULES = YES;
				CLANG_ENABLE_OBJC_ARC = YES;
				CLANG_ENABLE_OBJC_WEAK = YES;
				CLANG_WARN_BLOCK_CAPTURE_AUTORELEASING = YES;
				CLANG_WARN_BOOL_CONVERSION = YES;
				CLANG_WARN_COMMA = YES;
				CLANG_WARN_CONSTANT_CONVERSION = YES;
				CLANG_WARN_DEPRECATED_OBJC_IMPLEMENTATIONS = YES;
				CLANG_WARN_DIRECT_OBJC_ISA_USAGE = YES_ERROR;
				CLANG_WARN_DOCUMENTATION_COMMENTS = YES;
				CLANG_WARN_EMPTY_BODY = YES;
				CLANG_WARN_ENUM_CONVERSION = YES;
				CLANG_WARN_INFINITE_RECURSION = YES;
				CLANG_WARN_INT_CONVERSION = YES;
				CLANG_WARN_NON_LITERAL_NULL_CONVERSION = YES;
				CLANG_WARN_OBJC_IMPLICIT_RETAIN_SELF = YES;
				CLANG_WARN_OBJC_LITERAL_CONVERSION = YES;
				CLANG_WARN_OBJC_ROOT_CLASS = YES_ERROR;
				CLANG_WARN_QUOTED_INCLUDE_IN_FRAMEWORK_HEADER = YES;
				CLANG_WARN_RANGE_LOOP_ANALYSIS = YES;
				CLANG_WARN_STRICT_PROTOTYPES = YES;
				CLANG_WARN_SUSPICIOUS_MOVE = YES;
				CLANG_WARN_UNGUARDED_AVAILABILITY = YES_AGGRESSIVE;
				CLANG_WARN_UNREACHABLE_CODE = YES;
				CLANG_WARN__DUPLICATE_METHOD_MATCH = YES;
				COPY_PHASE_STRIP = NO;
				DEBUG_INFORMATION_FORMAT = "dwarf-with-dsym";
				ENABLE_NS_ASSERTIONS = NO;
				ENABLE_STRICT_OBJC_MSGSEND = YES;
				GCC_C_LANGUAGE_STANDARD = gnu11;
				GCC_NO_COMMON_BLOCKS = YES;
				GCC_WARN_64_TO_32_BIT_CONVERSION = YES;
				GCC_WARN_ABOUT_RETURN_TYPE = YES_ERROR;
				GCC_WARN_UNDECLARED_SELECTOR = YES;
				GCC_WARN_UNINITIALIZED_AUTOS = YES_AGGRESSIVE;
				GCC_WARN_UNUSED_FUNCTION = YES;
				GCC_WARN_UNUSED_VARIABLE = YES;
				IPHONEOS_DEPLOYMENT_TARGET = 15.5;
				MTL_ENABLE_DEBUG_INFO = NO;
				MTL_FAST_MATH = YES;
				SDKROOT = iphoneos;
				SWIFT_COMPILATION_MODE = wholemodule;
				SWIFT_OPTIMIZATION_LEVEL = "-O";
				VALIDATE_PRODUCT = YES;
			};
			name = Release;
		};
		1DCC2C0A2842C27D0016D789 /* Debug */ = {
			isa = XCBuildConfiguration;
			buildSettings = {
				ASSETCATALOG_COMPILER_APPICON_NAME = AppIcon;
				ASSETCATALOG_COMPILER_GLOBAL_ACCENT_COLOR_NAME = AccentColor;
				CODE_SIGN_STYLE = Automatic;
				CURRENT_PROJECT_VERSION = 1;
				GENERATE_INFOPLIST_FILE = YES;
				INFOPLIST_KEY_UIApplicationSupportsIndirectInputEvents = YES;
				INFOPLIST_KEY_UILaunchStoryboardName = LaunchScreen;
				INFOPLIST_KEY_UIMainStoryboardFile = Main;
				INFOPLIST_KEY_UIStatusBarHidden = YES;
				INFOPLIST_KEY_UISupportedInterfaceOrientations_iPad = "UIInterfaceOrientationPortrait UIInterfaceOrientationPortraitUpsideDown UIInterfaceOrientationLandscapeLeft UIInterfaceOrientationLandscapeRight";
				INFOPLIST_KEY_UISupportedInterfaceOrientations_iPhone = "UIInterfaceOrientationPortrait UIInterfaceOrientationLandscapeLeft UIInterfaceOrientationLandscapeRight";
				LD_RUNPATH_SEARCH_PATHS = (
					"$(inherited)",
					"@executable_path/Frameworks",
				);
				MARKETING_VERSION = 1.0;
				PRODUCT_BUNDLE_IDENTIFIER = "game.Space-Invasion";
				PRODUCT_NAME = "$(TARGET_NAME)";
				SWIFT_EMIT_LOC_STRINGS = YES;
				SWIFT_VERSION = 5.0;
				TARGETED_DEVICE_FAMILY = 1;
			};
			name = Debug;
		};
		1DCC2C0B2842C27D0016D789 /* Release */ = {
			isa = XCBuildConfiguration;
			buildSettings = {
				ASSETCATALOG_COMPILER_APPICON_NAME = AppIcon;
				ASSETCATALOG_COMPILER_GLOBAL_ACCENT_COLOR_NAME = AccentColor;
				CODE_SIGN_STYLE = Automatic;
				CURRENT_PROJECT_VERSION = 1;
				GENERATE_INFOPLIST_FILE = YES;
				INFOPLIST_KEY_UIApplicationSupportsIndirectInputEvents = YES;
				INFOPLIST_KEY_UILaunchStoryboardName = LaunchScreen;
				INFOPLIST_KEY_UIMainStoryboardFile = Main;
				INFOPLIST_KEY_UIStatusBarHidden = YES;
				INFOPLIST_KEY_UISupportedInterfaceOrientations_iPad = "UIInterfaceOrientationPortrait UIInterfaceOrientationPortraitUpsideDown UIInterfaceOrientationLandscapeLeft UIInterfaceOrientationLandscapeRight";
				INFOPLIST_KEY_UISupportedInterfaceOrientations_iPhone = "UIInterfaceOrientationPortrait UIInterfaceOrientationLandscapeLeft UIInterfaceOrientationLandscapeRight";
				LD_RUNPATH_SEARCH_PATHS = (
					"$(inherited)",
					"@executable_path/Frameworks",
				);
				MARKETING_VERSION = 1.0;
				PRODUCT_BUNDLE_IDENTIFIER = "game.Space-Invasion";
				PRODUCT_NAME = "$(TARGET_NAME)";
				SWIFT_EMIT_LOC_STRINGS = YES;
				SWIFT_VERSION = 5.0;
				TARGETED_DEVICE_FAMILY = 1;
			};
			name = Release;
		};
		1DCC2C0D2842C27D0016D789 /* Debug */ = {
			isa = XCBuildConfiguration;
			buildSettings = {
				ALWAYS_EMBED_SWIFT_STANDARD_LIBRARIES = YES;
				BUNDLE_LOADER = "$(TEST_HOST)";
				CODE_SIGN_STYLE = Automatic;
				CURRENT_PROJECT_VERSION = 1;
				GENERATE_INFOPLIST_FILE = YES;
				IPHONEOS_DEPLOYMENT_TARGET = 15.5;
				MARKETING_VERSION = 1.0;
				PRODUCT_BUNDLE_IDENTIFIER = "game.Space-InvasionTests";
				PRODUCT_NAME = "$(TARGET_NAME)";
				SWIFT_EMIT_LOC_STRINGS = NO;
				SWIFT_VERSION = 5.0;
				TARGETED_DEVICE_FAMILY = "1,2";
				TEST_HOST = "$(BUILT_PRODUCTS_DIR)/Space Invasion.app/Space Invasion";
			};
			name = Debug;
		};
		1DCC2C0E2842C27D0016D789 /* Release */ = {
			isa = XCBuildConfiguration;
			buildSettings = {
				ALWAYS_EMBED_SWIFT_STANDARD_LIBRARIES = YES;
				BUNDLE_LOADER = "$(TEST_HOST)";
				CODE_SIGN_STYLE = Automatic;
				CURRENT_PROJECT_VERSION = 1;
				GENERATE_INFOPLIST_FILE = YES;
				IPHONEOS_DEPLOYMENT_TARGET = 15.5;
				MARKETING_VERSION = 1.0;
				PRODUCT_BUNDLE_IDENTIFIER = "game.Space-InvasionTests";
				PRODUCT_NAME = "$(TARGET_NAME)";
				SWIFT_EMIT_LOC_STRINGS = NO;
				SWIFT_VERSION = 5.0;
				TARGETED_DEVICE_FAMILY = "1,2";
				TEST_HOST = "$(BUILT_PRODUCTS_DIR)/Space Invasion.app/Space Invasion";
			};
			name = Release;
		};
		1DCC2C102842C27D0016D789 /* Debug */ = {
			isa = XCBuildConfiguration;
			buildSettings = {
				ALWAYS_EMBED_SWIFT_STANDARD_LIBRARIES = YES;
				CODE_SIGN_STYLE = Automatic;
				CURRENT_PROJECT_VERSION = 1;
				GENERATE_INFOPLIST_FILE = YES;
				MARKETING_VERSION = 1.0;
				PRODUCT_BUNDLE_IDENTIFIER = "game.Space-InvasionUITests";
				PRODUCT_NAME = "$(TARGET_NAME)";
				SWIFT_EMIT_LOC_STRINGS = NO;
				SWIFT_VERSION = 5.0;
				TARGETED_DEVICE_FAMILY = "1,2";
				TEST_TARGET_NAME = "Space Invasion";
			};
			name = Debug;
		};
		1DCC2C112842C27D0016D789 /* Release */ = {
			isa = XCBuildConfiguration;
			buildSettings = {
				ALWAYS_EMBED_SWIFT_STANDARD_LIBRARIES = YES;
				CODE_SIGN_STYLE = Automatic;
				CURRENT_PROJECT_VERSION = 1;
				GENERATE_INFOPLIST_FILE = YES;
				MARKETING_VERSION = 1.0;
				PRODUCT_BUNDLE_IDENTIFIER = "game.Space-InvasionUITests";
				PRODUCT_NAME = "$(TARGET_NAME)";
				SWIFT_EMIT_LOC_STRINGS = NO;
				SWIFT_VERSION = 5.0;
				TARGETED_DEVICE_FAMILY = "1,2";
				TEST_TARGET_NAME = "Space Invasion";
			};
			name = Release;
		};
/* End XCBuildConfiguration section */

/* Begin XCConfigurationList section */
		1DCC2BD72842C2790016D789 /* Build configuration list for PBXProject "Space Invasion" */ = {
			isa = XCConfigurationList;
			buildConfigurations = (
				1DCC2C072842C27D0016D789 /* Debug */,
				1DCC2C082842C27D0016D789 /* Release */,
			);
			defaultConfigurationIsVisible = 0;
			defaultConfigurationName = Release;
		};
		1DCC2C092842C27D0016D789 /* Build configuration list for PBXNativeTarget "Space Invasion" */ = {
			isa = XCConfigurationList;
			buildConfigurations = (
				1DCC2C0A2842C27D0016D789 /* Debug */,
				1DCC2C0B2842C27D0016D789 /* Release */,
			);
			defaultConfigurationIsVisible = 0;
			defaultConfigurationName = Release;
		};
		1DCC2C0C2842C27D0016D789 /* Build configuration list for PBXNativeTarget "Space InvasionTests" */ = {
			isa = XCConfigurationList;
			buildConfigurations = (
				1DCC2C0D2842C27D0016D789 /* Debug */,
				1DCC2C0E2842C27D0016D789 /* Release */,
			);
			defaultConfigurationIsVisible = 0;
			defaultConfigurationName = Release;
		};
		1DCC2C0F2842C27D0016D789 /* Build configuration list for PBXNativeTarget "Space InvasionUITests" */ = {
			isa = XCConfigurationList;
			buildConfigurations = (
				1DCC2C102842C27D0016D789 /* Debug */,
				1DCC2C112842C27D0016D789 /* Release */,
			);
			defaultConfigurationIsVisible = 0;
			defaultConfigurationName = Release;
		};
/* End XCConfigurationList section */
	};
	rootObject = 1DCC2BD42842C2790016D789 /* Project object */;
}
